// !$*UTF8*$!
{
	archiveVersion = 1;
	classes = {
	};
	objectVersion = 46;
	objects = {

/* Begin PBXBuildFile section */
		B55D909F16B7AA27009CB90F /* UIKit.framework in Frameworks */ = {isa = PBXBuildFile; fileRef = B55D909E16B7AA27009CB90F /* UIKit.framework */; };
		B55D90A116B7AA27009CB90F /* Foundation.framework in Frameworks */ = {isa = PBXBuildFile; fileRef = B55D90A016B7AA27009CB90F /* Foundation.framework */; };
		B55D90A316B7AA27009CB90F /* CoreGraphics.framework in Frameworks */ = {isa = PBXBuildFile; fileRef = B55D90A216B7AA27009CB90F /* CoreGraphics.framework */; };
		B55D90A516B7AA27009CB90F /* CoreData.framework in Frameworks */ = {isa = PBXBuildFile; fileRef = B55D90A416B7AA27009CB90F /* CoreData.framework */; };
		B55D90AB16B7AA27009CB90F /* InfoPlist.strings in Resources */ = {isa = PBXBuildFile; fileRef = B55D90A916B7AA27009CB90F /* InfoPlist.strings */; };
		B55D90AD16B7AA27009CB90F /* main.m in Sources */ = {isa = PBXBuildFile; fileRef = B55D90AC16B7AA27009CB90F /* main.m */; };
		B55D90B116B7AA27009CB90F /* AppDelegate.m in Sources */ = {isa = PBXBuildFile; fileRef = B55D90B016B7AA27009CB90F /* AppDelegate.m */; };
		B55D90B316B7AA27009CB90F /* Default.png in Resources */ = {isa = PBXBuildFile; fileRef = B55D90B216B7AA27009CB90F /* Default.png */; };
		B55D90B516B7AA27009CB90F /* Default@2x.png in Resources */ = {isa = PBXBuildFile; fileRef = B55D90B416B7AA27009CB90F /* Default@2x.png */; };
		B55D90B716B7AA27009CB90F /* Default-568h@2x.png in Resources */ = {isa = PBXBuildFile; fileRef = B55D90B616B7AA27009CB90F /* Default-568h@2x.png */; };
		B55D90BA16B7AA27009CB90F /* Gitos_iPad.xcdatamodeld in Sources */ = {isa = PBXBuildFile; fileRef = B55D90B816B7AA27009CB90F /* Gitos_iPad.xcdatamodeld */; };
/* End PBXBuildFile section */

/* Begin PBXFileReference section */
		B55D909A16B7AA27009CB90F /* Gitos-iPad.app */ = {isa = PBXFileReference; explicitFileType = wrapper.application; includeInIndex = 0; path = "Gitos-iPad.app"; sourceTree = BUILT_PRODUCTS_DIR; };
		B55D909E16B7AA27009CB90F /* UIKit.framework */ = {isa = PBXFileReference; lastKnownFileType = wrapper.framework; name = UIKit.framework; path = System/Library/Frameworks/UIKit.framework; sourceTree = SDKROOT; };
		B55D90A016B7AA27009CB90F /* Foundation.framework */ = {isa = PBXFileReference; lastKnownFileType = wrapper.framework; name = Foundation.framework; path = System/Library/Frameworks/Foundation.framework; sourceTree = SDKROOT; };
		B55D90A216B7AA27009CB90F /* CoreGraphics.framework */ = {isa = PBXFileReference; lastKnownFileType = wrapper.framework; name = CoreGraphics.framework; path = System/Library/Frameworks/CoreGraphics.framework; sourceTree = SDKROOT; };
		B55D90A416B7AA27009CB90F /* CoreData.framework */ = {isa = PBXFileReference; lastKnownFileType = wrapper.framework; name = CoreData.framework; path = System/Library/Frameworks/CoreData.framework; sourceTree = SDKROOT; };
		B55D90A816B7AA27009CB90F /* Gitos-iPad-Info.plist */ = {isa = PBXFileReference; lastKnownFileType = text.plist.xml; path = "Gitos-iPad-Info.plist"; sourceTree = "<group>"; };
		B55D90AA16B7AA27009CB90F /* en */ = {isa = PBXFileReference; lastKnownFileType = text.plist.strings; name = en; path = en.lproj/InfoPlist.strings; sourceTree = "<group>"; };
		B55D90AC16B7AA27009CB90F /* main.m */ = {isa = PBXFileReference; lastKnownFileType = sourcecode.c.objc; path = main.m; sourceTree = "<group>"; };
		B55D90AE16B7AA27009CB90F /* Gitos-iPad-Prefix.pch */ = {isa = PBXFileReference; lastKnownFileType = sourcecode.c.h; path = "Gitos-iPad-Prefix.pch"; sourceTree = "<group>"; };
		B55D90AF16B7AA27009CB90F /* AppDelegate.h */ = {isa = PBXFileReference; lastKnownFileType = sourcecode.c.h; path = AppDelegate.h; sourceTree = "<group>"; };
		B55D90B016B7AA27009CB90F /* AppDelegate.m */ = {isa = PBXFileReference; lastKnownFileType = sourcecode.c.objc; path = AppDelegate.m; sourceTree = "<group>"; };
		B55D90B216B7AA27009CB90F /* Default.png */ = {isa = PBXFileReference; lastKnownFileType = image.png; path = Default.png; sourceTree = "<group>"; };
		B55D90B416B7AA27009CB90F /* Default@2x.png */ = {isa = PBXFileReference; lastKnownFileType = image.png; path = "Default@2x.png"; sourceTree = "<group>"; };
		B55D90B616B7AA27009CB90F /* Default-568h@2x.png */ = {isa = PBXFileReference; lastKnownFileType = image.png; path = "Default-568h@2x.png"; sourceTree = "<group>"; };
		B55D90B916B7AA27009CB90F /* Gitos_iPad.xcdatamodel */ = {isa = PBXFileReference; lastKnownFileType = wrapper.xcdatamodel; path = Gitos_iPad.xcdatamodel; sourceTree = "<group>"; };
/* End PBXFileReference section */

/* Begin PBXFrameworksBuildPhase section */
		B55D909716B7AA27009CB90F /* Frameworks */ = {
			isa = PBXFrameworksBuildPhase;
			buildActionMask = 2147483647;
			files = (
				B55D909F16B7AA27009CB90F /* UIKit.framework in Frameworks */,
				B55D90A116B7AA27009CB90F /* Foundation.framework in Frameworks */,
				B55D90A316B7AA27009CB90F /* CoreGraphics.framework in Frameworks */,
				B55D90A516B7AA27009CB90F /* CoreData.framework in Frameworks */,
			);
			runOnlyForDeploymentPostprocessing = 0;
		};
/* End PBXFrameworksBuildPhase section */

/* Begin PBXGroup section */
		B55D908F16B7AA27009CB90F = {
			isa = PBXGroup;
			children = (
				B55D90A616B7AA27009CB90F /* Gitos-iPad */,
				B55D909D16B7AA27009CB90F /* Frameworks */,
				B55D909B16B7AA27009CB90F /* Products */,
			);
			sourceTree = "<group>";
		};
		B55D909B16B7AA27009CB90F /* Products */ = {
			isa = PBXGroup;
			children = (
				B55D909A16B7AA27009CB90F /* Gitos-iPad.app */,
			);
			name = Products;
			sourceTree = "<group>";
		};
		B55D909D16B7AA27009CB90F /* Frameworks */ = {
			isa = PBXGroup;
			children = (
				B55D909E16B7AA27009CB90F /* UIKit.framework */,
				B55D90A016B7AA27009CB90F /* Foundation.framework */,
				B55D90A216B7AA27009CB90F /* CoreGraphics.framework */,
				B55D90A416B7AA27009CB90F /* CoreData.framework */,
			);
			name = Frameworks;
			sourceTree = "<group>";
		};
		B55D90A616B7AA27009CB90F /* Gitos-iPad */ = {
			isa = PBXGroup;
			children = (
				B55D90AF16B7AA27009CB90F /* AppDelegate.h */,
				B55D90B016B7AA27009CB90F /* AppDelegate.m */,
				B55D90B816B7AA27009CB90F /* Gitos_iPad.xcdatamodeld */,
				B55D90A716B7AA27009CB90F /* Supporting Files */,
			);
			path = "Gitos-iPad";
			sourceTree = "<group>";
		};
		B55D90A716B7AA27009CB90F /* Supporting Files */ = {
			isa = PBXGroup;
			children = (
				B55D90A816B7AA27009CB90F /* Gitos-iPad-Info.plist */,
				B55D90A916B7AA27009CB90F /* InfoPlist.strings */,
				B55D90AC16B7AA27009CB90F /* main.m */,
				B55D90AE16B7AA27009CB90F /* Gitos-iPad-Prefix.pch */,
				B55D90B216B7AA27009CB90F /* Default.png */,
				B55D90B416B7AA27009CB90F /* Default@2x.png */,
				B55D90B616B7AA27009CB90F /* Default-568h@2x.png */,
			);
			name = "Supporting Files";
			sourceTree = "<group>";
		};
/* End PBXGroup section */

/* Begin PBXNativeTarget section */
		B55D909916B7AA27009CB90F /* Gitos-iPad */ = {
			isa = PBXNativeTarget;
			buildConfigurationList = B55D90BD16B7AA27009CB90F /* Build configuration list for PBXNativeTarget "Gitos-iPad" */;
			buildPhases = (
				B55D909616B7AA27009CB90F /* Sources */,
				B55D909716B7AA27009CB90F /* Frameworks */,
				B55D909816B7AA27009CB90F /* Resources */,
			);
			buildRules = (
			);
			dependencies = (
			);
			name = "Gitos-iPad";
			productName = "Gitos-iPad";
			productReference = B55D909A16B7AA27009CB90F /* Gitos-iPad.app */;
			productType = "com.apple.product-type.application";
		};
/* End PBXNativeTarget section */

/* Begin PBXProject section */
		B55D909116B7AA27009CB90F /* Project object */ = {
			isa = PBXProject;
			attributes = {
				LastUpgradeCheck = 0450;
				ORGANIZATIONNAME = "Crafted By Tri";
			};
			buildConfigurationList = B55D909416B7AA27009CB90F /* Build configuration list for PBXProject "Gitos-iPad" */;
			compatibilityVersion = "Xcode 3.2";
			developmentRegion = English;
			hasScannedForEncodings = 0;
			knownRegions = (
				en,
			);
			mainGroup = B55D908F16B7AA27009CB90F;
			productRefGroup = B55D909B16B7AA27009CB90F /* Products */;
			projectDirPath = "";
			projectRoot = "";
			targets = (
				B55D909916B7AA27009CB90F /* Gitos-iPad */,
			);
		};
/* End PBXProject section */

/* Begin PBXResourcesBuildPhase section */
		B55D909816B7AA27009CB90F /* Resources */ = {
			isa = PBXResourcesBuildPhase;
			buildActionMask = 2147483647;
			files = (
				B55D90AB16B7AA27009CB90F /* InfoPlist.strings in Resources */,
				B55D90B316B7AA27009CB90F /* Default.png in Resources */,
				B55D90B516B7AA27009CB90F /* Default@2x.png in Resources */,
				B55D90B716B7AA27009CB90F /* Default-568h@2x.png in Resources */,
			);
			runOnlyForDeploymentPostprocessing = 0;
		};
/* End PBXResourcesBuildPhase section */

/* Begin PBXSourcesBuildPhase section */
		B55D909616B7AA27009CB90F /* Sources */ = {
			isa = PBXSourcesBuildPhase;
			buildActionMask = 2147483647;
			files = (
				B55D90AD16B7AA27009CB90F /* main.m in Sources */,
				B55D90B116B7AA27009CB90F /* AppDelegate.m in Sources */,
				B55D90BA16B7AA27009CB90F /* Gitos_iPad.xcdatamodeld in Sources */,
			);
			runOnlyForDeploymentPostprocessing = 0;
		};
/* End PBXSourcesBuildPhase section */

/* Begin PBXVariantGroup section */
		B55D90A916B7AA27009CB90F /* InfoPlist.strings */ = {
			isa = PBXVariantGroup;
			children = (
				B55D90AA16B7AA27009CB90F /* en */,
			);
			name = InfoPlist.strings;
			sourceTree = "<group>";
		};
/* End PBXVariantGroup section */

/* Begin XCBuildConfiguration section */
		B55D90BB16B7AA27009CB90F /* Debug */ = {
			isa = XCBuildConfiguration;
			buildSettings = {
				ALWAYS_SEARCH_USER_PATHS = NO;
				CLANG_CXX_LANGUAGE_STANDARD = "gnu++0x";
				CLANG_CXX_LIBRARY = "libc++";
				CLANG_ENABLE_OBJC_ARC = YES;
				CLANG_WARN_EMPTY_BODY = YES;
				CLANG_WARN__DUPLICATE_METHOD_MATCH = YES;
				"CODE_SIGN_IDENTITY[sdk=iphoneos*]" = "iPhone Developer";
				COPY_PHASE_STRIP = NO;
				GCC_C_LANGUAGE_STANDARD = gnu99;
				GCC_DYNAMIC_NO_PIC = NO;
				GCC_OPTIMIZATION_LEVEL = 0;
				GCC_PREPROCESSOR_DEFINITIONS = (
					"DEBUG=1",
					"$(inherited)",
				);
				GCC_SYMBOLS_PRIVATE_EXTERN = NO;
				GCC_WARN_ABOUT_RETURN_TYPE = YES;
				GCC_WARN_UNINITIALIZED_AUTOS = YES;
				GCC_WARN_UNUSED_VARIABLE = YES;
				IPHONEOS_DEPLOYMENT_TARGET = 6.0;
				ONLY_ACTIVE_ARCH = YES;
				SDKROOT = iphoneos;
				TARGETED_DEVICE_FAMILY = 2;
			};
			name = Debug;
		};
		B55D90BC16B7AA27009CB90F /* Release */ = {
			isa = XCBuildConfiguration;
			buildSettings = {
				ALWAYS_SEARCH_USER_PATHS = NO;
				CLANG_CXX_LANGUAGE_STANDARD = "gnu++0x";
				CLANG_CXX_LIBRARY = "libc++";
				CLANG_ENABLE_OBJC_ARC = YES;
				CLANG_WARN_EMPTY_BODY = YES;
				CLANG_WARN__DUPLICATE_METHOD_MATCH = YES;
				"CODE_SIGN_IDENTITY[sdk=iphoneos*]" = "iPhone Developer";
				COPY_PHASE_STRIP = YES;
				GCC_C_LANGUAGE_STANDARD = gnu99;
				GCC_WARN_ABOUT_RETURN_TYPE = YES;
				GCC_WARN_UNINITIALIZED_AUTOS = YES;
				GCC_WARN_UNUSED_VARIABLE = YES;
				IPHONEOS_DEPLOYMENT_TARGET = 6.0;
				OTHER_CFLAGS = "-DNS_BLOCK_ASSERTIONS=1";
				SDKROOT = iphoneos;
				TARGETED_DEVICE_FAMILY = 2;
				VALIDATE_PRODUCT = YES;
			};
			name = Release;
		};
		B55D90BE16B7AA27009CB90F /* Debug */ = {
			isa = XCBuildConfiguration;
			buildSettings = {
				GCC_PRECOMPILE_PREFIX_HEADER = YES;
				GCC_PREFIX_HEADER = "Gitos-iPad/Gitos-iPad-Prefix.pch";
				INFOPLIST_FILE = "Gitos-iPad/Gitos-iPad-Info.plist";
				PRODUCT_NAME = "$(TARGET_NAME)";
				WRAPPER_EXTENSION = app;
			};
			name = Debug;
		};
		B55D90BF16B7AA27009CB90F /* Release */ = {
			isa = XCBuildConfiguration;
			buildSettings = {
				GCC_PRECOMPILE_PREFIX_HEADER = YES;
				GCC_PREFIX_HEADER = "Gitos-iPad/Gitos-iPad-Prefix.pch";
				INFOPLIST_FILE = "Gitos-iPad/Gitos-iPad-Info.plist";
				PRODUCT_NAME = "$(TARGET_NAME)";
				WRAPPER_EXTENSION = app;
			};
			name = Release;
		};
/* End XCBuildConfiguration section */

/* Begin XCConfigurationList section */
		B55D909416B7AA27009CB90F /* Build configuration list for PBXProject "Gitos-iPad" */ = {
			isa = XCConfigurationList;
			buildConfigurations = (
				B55D90BB16B7AA27009CB90F /* Debug */,
				B55D90BC16B7AA27009CB90F /* Release */,
			);
			defaultConfigurationIsVisible = 0;
			defaultConfigurationName = Release;
		};
		B55D90BD16B7AA27009CB90F /* Build configuration list for PBXNativeTarget "Gitos-iPad" */ = {
			isa = XCConfigurationList;
			buildConfigurations = (
				B55D90BE16B7AA27009CB90F /* Debug */,
				B55D90BF16B7AA27009CB90F /* Release */,
			);
			defaultConfigurationIsVisible = 0;
		};
/* End XCConfigurationList section */

/* Begin XCVersionGroup section */
		B55D90B816B7AA27009CB90F /* Gitos_iPad.xcdatamodeld */ = {
			isa = XCVersionGroup;
			children = (
				B55D90B916B7AA27009CB90F /* Gitos_iPad.xcdatamodel */,
			);
			currentVersion = B55D90B916B7AA27009CB90F /* Gitos_iPad.xcdatamodel */;
			path = Gitos_iPad.xcdatamodeld;
			sourceTree = "<group>";
			versionGroupType = wrapper.xcdatamodel;
		};
/* End XCVersionGroup section */
	};
	rootObject = B55D909116B7AA27009CB90F /* Project object */;
}
